// !$*UTF8*$!
{
	archiveVersion = 1;
	classes = {
	};
	objectVersion = 56;
	objects = {

/* Begin PBXBuildFile section */
		DF2EEE7E2C20663A00415417 /* LocationManager.swift in Sources */ = {isa = PBXBuildFile; fileRef = DF2EEE7D2C20663A00415417 /* LocationManager.swift */; };
		DF2EEE802C207A9D00415417 /* PukaSunView.swift in Sources */ = {isa = PBXBuildFile; fileRef = DF2EEE7F2C207A9D00415417 /* PukaSunView.swift */; };
		DF4921F12C7A3FB200C14CF7 /* WeatherModel.swift in Sources */ = {isa = PBXBuildFile; fileRef = DF4921F02C7A3FB200C14CF7 /* WeatherModel.swift */; };
		DF6245442C390C88006975BF /* NotificationManager.swift in Sources */ = {isa = PBXBuildFile; fileRef = DF6245432C390C88006975BF /* NotificationManager.swift */; };
		DF6A44812C21B18F0048EE4F /* CoreMotionManager.swift in Sources */ = {isa = PBXBuildFile; fileRef = DF6A44802C21B18F0048EE4F /* CoreMotionManager.swift */; };
		DF6A44822C21BF510048EE4F /* LiveActivityLiveActivity.swift in Sources */ = {isa = PBXBuildFile; fileRef = DFF209762C21360A0011B243 /* LiveActivityLiveActivity.swift */; };
		DF9E78D22C1FDD710003A112 /* OnboardingView.swift in Sources */ = {isa = PBXBuildFile; fileRef = DF9E78D12C1FDD710003A112 /* OnboardingView.swift */; };
		DF9E78D42C1FDD7A0003A112 /* AlarmView.swift in Sources */ = {isa = PBXBuildFile; fileRef = DF9E78D32C1FDD7A0003A112 /* AlarmView.swift */; };
		DF9E78D62C1FDD810003A112 /* MainView.swift in Sources */ = {isa = PBXBuildFile; fileRef = DF9E78D52C1FDD810003A112 /* MainView.swift */; };
		DF9E78D82C1FDD8A0003A112 /* SuncreamView.swift in Sources */ = {isa = PBXBuildFile; fileRef = DF9E78D72C1FDD8A0003A112 /* SuncreamView.swift */; };
		DF9E78DA2C1FDD910003A112 /* UVView.swift in Sources */ = {isa = PBXBuildFile; fileRef = DF9E78D92C1FDD910003A112 /* UVView.swift */; };
		DF9E78DD2C1FDDD50003A112 /* Alarm.swift in Sources */ = {isa = PBXBuildFile; fileRef = DF9E78DC2C1FDDD50003A112 /* Alarm.swift */; };
		DF9E78DF2C1FDDE50003A112 /* ColorExtension.swift in Sources */ = {isa = PBXBuildFile; fileRef = DF9E78DE2C1FDDE50003A112 /* ColorExtension.swift */; };
		DFA4681E2C4F4F6F00C64CE8 /* NewView.swift in Sources */ = {isa = PBXBuildFile; fileRef = DFA4681D2C4F4F6F00C64CE8 /* NewView.swift */; };
		DFAEFA7B2C1BD7A000913FEC /* capuri_sunApp.swift in Sources */ = {isa = PBXBuildFile; fileRef = DFAEFA7A2C1BD7A000913FEC /* capuri_sunApp.swift */; };
		DFAEFA7F2C1BD7A100913FEC /* Assets.xcassets in Resources */ = {isa = PBXBuildFile; fileRef = DFAEFA7E2C1BD7A100913FEC /* Assets.xcassets */; };
		DFAEFA822C1BD7A100913FEC /* Preview Assets.xcassets in Resources */ = {isa = PBXBuildFile; fileRef = DFAEFA812C1BD7A100913FEC /* Preview Assets.xcassets */; };
		DFAEFA892C1BD7C300913FEC /* .gitignore  in Resources */ = {isa = PBXBuildFile; fileRef = DFAEFA882C1BD7C300913FEC /* .gitignore  */; };
		DFC384532C23C81E007248B0 /* AlarmTimeManager.swift in Sources */ = {isa = PBXBuildFile; fileRef = DFC384522C23C81E007248B0 /* AlarmTimeManager.swift */; };
		DFF209702C21360A0011B243 /* WidgetKit.framework in Frameworks */ = {isa = PBXBuildFile; fileRef = DFF2096F2C21360A0011B243 /* WidgetKit.framework */; };
		DFF209722C21360A0011B243 /* SwiftUI.framework in Frameworks */ = {isa = PBXBuildFile; fileRef = DFF209712C21360A0011B243 /* SwiftUI.framework */; };
		DFF209752C21360A0011B243 /* LiveActivitytBundle.swift in Sources */ = {isa = PBXBuildFile; fileRef = DFF209742C21360A0011B243 /* LiveActivitytBundle.swift */; };
		DFF209772C21360A0011B243 /* LiveActivityLiveActivity.swift in Sources */ = {isa = PBXBuildFile; fileRef = DFF209762C21360A0011B243 /* LiveActivityLiveActivity.swift */; };
		DFF209792C21360A0011B243 /* LiveActivity.swift in Sources */ = {isa = PBXBuildFile; fileRef = DFF209782C21360A0011B243 /* LiveActivity.swift */; };
		DFF2097B2C21360A0011B243 /* AppIntent.swift in Sources */ = {isa = PBXBuildFile; fileRef = DFF2097A2C21360A0011B243 /* AppIntent.swift */; };
		DFF2097D2C21360B0011B243 /* Assets.xcassets in Resources */ = {isa = PBXBuildFile; fileRef = DFF2097C2C21360B0011B243 /* Assets.xcassets */; };
		DFF209812C21360B0011B243 /* LiveActivityExtension.appex in Embed Foundation Extensions */ = {isa = PBXBuildFile; fileRef = DFF2096D2C21360A0011B243 /* LiveActivityExtension.appex */; settings = {ATTRIBUTES = (RemoveHeadersOnCopy, ); }; };
		DFFC79772C4B69C200C03A40 /* ContorlView.swift in Sources */ = {isa = PBXBuildFile; fileRef = DFFC79762C4B69C200C03A40 /* ContorlView.swift */; };
		DFFC79792C4D0DC000C03A40 /* Path.swift in Sources */ = {isa = PBXBuildFile; fileRef = DFFC79782C4D0DC000C03A40 /* Path.swift */; };
/* End PBXBuildFile section */

/* Begin PBXContainerItemProxy section */
		DFF2097F2C21360B0011B243 /* PBXContainerItemProxy */ = {
			isa = PBXContainerItemProxy;
			containerPortal = DFAEFA6F2C1BD7A000913FEC /* Project object */;
			proxyType = 1;
			remoteGlobalIDString = DFF2096C2C21360A0011B243;
			remoteInfo = LiveActivityExtension;
		};
/* End PBXContainerItemProxy section */

/* Begin PBXCopyFilesBuildPhase section */
		DFF209852C21360B0011B243 /* Embed Foundation Extensions */ = {
			isa = PBXCopyFilesBuildPhase;
			buildActionMask = 2147483647;
			dstPath = "";
			dstSubfolderSpec = 13;
			files = (
				DFF209812C21360B0011B243 /* LiveActivityExtension.appex in Embed Foundation Extensions */,
			);
			name = "Embed Foundation Extensions";
			runOnlyForDeploymentPostprocessing = 0;
		};
/* End PBXCopyFilesBuildPhase section */

/* Begin PBXFileReference section */
		DF2436662C1BEC50005B6BB3 /* capuri-sun.entitlements */ = {isa = PBXFileReference; lastKnownFileType = text.plist.entitlements; path = "capuri-sun.entitlements"; sourceTree = "<group>"; };
		DF2EEE7D2C20663A00415417 /* LocationManager.swift */ = {isa = PBXFileReference; lastKnownFileType = sourcecode.swift; path = LocationManager.swift; sourceTree = "<group>"; };
		DF2EEE7F2C207A9D00415417 /* PukaSunView.swift */ = {isa = PBXFileReference; lastKnownFileType = sourcecode.swift; path = PukaSunView.swift; sourceTree = "<group>"; };
		DF4921F02C7A3FB200C14CF7 /* WeatherModel.swift */ = {isa = PBXFileReference; lastKnownFileType = sourcecode.swift; path = WeatherModel.swift; sourceTree = "<group>"; };
		DF6245432C390C88006975BF /* NotificationManager.swift */ = {isa = PBXFileReference; lastKnownFileType = sourcecode.swift; path = NotificationManager.swift; sourceTree = "<group>"; };
		DF6A44802C21B18F0048EE4F /* CoreMotionManager.swift */ = {isa = PBXFileReference; lastKnownFileType = sourcecode.swift; path = CoreMotionManager.swift; sourceTree = "<group>"; };
		DF9E78D12C1FDD710003A112 /* OnboardingView.swift */ = {isa = PBXFileReference; lastKnownFileType = sourcecode.swift; path = OnboardingView.swift; sourceTree = "<group>"; };
		DF9E78D32C1FDD7A0003A112 /* AlarmView.swift */ = {isa = PBXFileReference; lastKnownFileType = sourcecode.swift; path = AlarmView.swift; sourceTree = "<group>"; };
		DF9E78D52C1FDD810003A112 /* MainView.swift */ = {isa = PBXFileReference; lastKnownFileType = sourcecode.swift; path = MainView.swift; sourceTree = "<group>"; };
		DF9E78D72C1FDD8A0003A112 /* SuncreamView.swift */ = {isa = PBXFileReference; lastKnownFileType = sourcecode.swift; path = SuncreamView.swift; sourceTree = "<group>"; };
		DF9E78D92C1FDD910003A112 /* UVView.swift */ = {isa = PBXFileReference; lastKnownFileType = sourcecode.swift; path = UVView.swift; sourceTree = "<group>"; };
		DF9E78DC2C1FDDD50003A112 /* Alarm.swift */ = {isa = PBXFileReference; lastKnownFileType = sourcecode.swift; path = Alarm.swift; sourceTree = "<group>"; };
		DF9E78DE2C1FDDE50003A112 /* ColorExtension.swift */ = {isa = PBXFileReference; lastKnownFileType = sourcecode.swift; path = ColorExtension.swift; sourceTree = "<group>"; };
		DFA4681D2C4F4F6F00C64CE8 /* NewView.swift */ = {isa = PBXFileReference; lastKnownFileType = sourcecode.swift; path = NewView.swift; sourceTree = "<group>"; };
		DFAEFA772C1BD7A000913FEC /* capuri-sun.app */ = {isa = PBXFileReference; explicitFileType = wrapper.application; includeInIndex = 0; path = "capuri-sun.app"; sourceTree = BUILT_PRODUCTS_DIR; };
		DFAEFA7A2C1BD7A000913FEC /* capuri_sunApp.swift */ = {isa = PBXFileReference; lastKnownFileType = sourcecode.swift; path = capuri_sunApp.swift; sourceTree = "<group>"; };
		DFAEFA7E2C1BD7A100913FEC /* Assets.xcassets */ = {isa = PBXFileReference; lastKnownFileType = folder.assetcatalog; path = Assets.xcassets; sourceTree = "<group>"; };
		DFAEFA812C1BD7A100913FEC /* Preview Assets.xcassets */ = {isa = PBXFileReference; lastKnownFileType = folder.assetcatalog; path = "Preview Assets.xcassets"; sourceTree = "<group>"; };
		DFAEFA882C1BD7C300913FEC /* .gitignore  */ = {isa = PBXFileReference; lastKnownFileType = text; path = ".gitignore "; sourceTree = "<group>"; };
		DFC384522C23C81E007248B0 /* AlarmTimeManager.swift */ = {isa = PBXFileReference; lastKnownFileType = sourcecode.swift; path = AlarmTimeManager.swift; sourceTree = "<group>"; };
		DFF2096D2C21360A0011B243 /* LiveActivityExtension.appex */ = {isa = PBXFileReference; explicitFileType = "wrapper.app-extension"; includeInIndex = 0; path = LiveActivityExtension.appex; sourceTree = BUILT_PRODUCTS_DIR; };
		DFF2096F2C21360A0011B243 /* WidgetKit.framework */ = {isa = PBXFileReference; lastKnownFileType = wrapper.framework; name = WidgetKit.framework; path = System/Library/Frameworks/WidgetKit.framework; sourceTree = SDKROOT; };
		DFF209712C21360A0011B243 /* SwiftUI.framework */ = {isa = PBXFileReference; lastKnownFileType = wrapper.framework; name = SwiftUI.framework; path = System/Library/Frameworks/SwiftUI.framework; sourceTree = SDKROOT; };
		DFF209742C21360A0011B243 /* LiveActivitytBundle.swift */ = {isa = PBXFileReference; lastKnownFileType = sourcecode.swift; path = LiveActivitytBundle.swift; sourceTree = "<group>"; };
		DFF209762C21360A0011B243 /* LiveActivityLiveActivity.swift */ = {isa = PBXFileReference; lastKnownFileType = sourcecode.swift; path = LiveActivityLiveActivity.swift; sourceTree = "<group>"; };
		DFF209782C21360A0011B243 /* LiveActivity.swift */ = {isa = PBXFileReference; lastKnownFileType = sourcecode.swift; path = LiveActivity.swift; sourceTree = "<group>"; };
		DFF2097A2C21360A0011B243 /* AppIntent.swift */ = {isa = PBXFileReference; lastKnownFileType = sourcecode.swift; path = AppIntent.swift; sourceTree = "<group>"; };
		DFF2097C2C21360B0011B243 /* Assets.xcassets */ = {isa = PBXFileReference; lastKnownFileType = folder.assetcatalog; path = Assets.xcassets; sourceTree = "<group>"; };
		DFF2097E2C21360B0011B243 /* Info.plist */ = {isa = PBXFileReference; lastKnownFileType = text.plist.xml; path = Info.plist; sourceTree = "<group>"; };
		DFFC79762C4B69C200C03A40 /* ContorlView.swift */ = {isa = PBXFileReference; lastKnownFileType = sourcecode.swift; path = ContorlView.swift; sourceTree = "<group>"; };
		DFFC79782C4D0DC000C03A40 /* Path.swift */ = {isa = PBXFileReference; lastKnownFileType = sourcecode.swift; path = Path.swift; sourceTree = "<group>"; };
/* End PBXFileReference section */

/* Begin PBXFrameworksBuildPhase section */
		DFAEFA742C1BD7A000913FEC /* Frameworks */ = {
			isa = PBXFrameworksBuildPhase;
			buildActionMask = 2147483647;
			files = (
			);
			runOnlyForDeploymentPostprocessing = 0;
		};
		DFF2096A2C21360A0011B243 /* Frameworks */ = {
			isa = PBXFrameworksBuildPhase;
			buildActionMask = 2147483647;
			files = (
				DFF209722C21360A0011B243 /* SwiftUI.framework in Frameworks */,
				DFF209702C21360A0011B243 /* WidgetKit.framework in Frameworks */,
			);
			runOnlyForDeploymentPostprocessing = 0;
		};
/* End PBXFrameworksBuildPhase section */

/* Begin PBXGroup section */
		DF2EEE812C207AD900415417 /* Onboarding */ = {
			isa = PBXGroup;
			children = (
				DF9E78D12C1FDD710003A112 /* OnboardingView.swift */,
				DF2EEE7F2C207A9D00415417 /* PukaSunView.swift */,
				DF9E78D32C1FDD7A0003A112 /* AlarmView.swift */,
			);
			path = Onboarding;
			sourceTree = "<group>";
		};
		DF5893C52C35A5A1003847FD /* App */ = {
			isa = PBXGroup;
			children = (
				DF2436662C1BEC50005B6BB3 /* capuri-sun.entitlements */,
				DFAEFA7A2C1BD7A000913FEC /* capuri_sunApp.swift */,
			);
			path = App;
			sourceTree = "<group>";
		};
		DF5893C62C35A5B7003847FD /* Resource */ = {
			isa = PBXGroup;
			children = (
				DFAEFA7E2C1BD7A100913FEC /* Assets.xcassets */,
			);
			path = Resource;
			sourceTree = "<group>";
		};
		DF5893C72C35A603003847FD /* Manager */ = {
			isa = PBXGroup;
			children = (
				DF2EEE7D2C20663A00415417 /* LocationManager.swift */,
				DF6A44802C21B18F0048EE4F /* CoreMotionManager.swift */,
				DF6245432C390C88006975BF /* NotificationManager.swift */,
			);
			path = Manager;
			sourceTree = "<group>";
		};
		DF7B55252C225F3400DA9A70 /* Main */ = {
			isa = PBXGroup;
			children = (
				DF9E78D52C1FDD810003A112 /* MainView.swift */,
				DFA4681D2C4F4F6F00C64CE8 /* NewView.swift */,
			);
			path = Main;
			sourceTree = "<group>";
		};
		DF9E78CF2C1FDD580003A112 /* View */ = {
			isa = PBXGroup;
			children = (
				DFFC79762C4B69C200C03A40 /* ContorlView.swift */,
				DF2EEE812C207AD900415417 /* Onboarding */,
				DF7B55252C225F3400DA9A70 /* Main */,
				DF9E78DB2C1FDD9A0003A112 /* Info */,
			);
			path = View;
			sourceTree = "<group>";
		};
		DF9E78DB2C1FDD9A0003A112 /* Info */ = {
			isa = PBXGroup;
			children = (
				DF9E78D92C1FDD910003A112 /* UVView.swift */,
				DF9E78D72C1FDD8A0003A112 /* SuncreamView.swift */,
			);
			path = Info;
			sourceTree = "<group>";
		};
		DF9E78E02C1FDDEA0003A112 /* Helper */ = {
			isa = PBXGroup;
			children = (
				DF9E78DE2C1FDDE50003A112 /* ColorExtension.swift */,
			);
			path = Helper;
			sourceTree = "<group>";
		};
		DF9E78E22C1FDDFF0003A112 /* Model */ = {
			isa = PBXGroup;
			children = (
				DF9E78DC2C1FDDD50003A112 /* Alarm.swift */,
				DF4921F02C7A3FB200C14CF7 /* WeatherModel.swift */,
				DFC384522C23C81E007248B0 /* AlarmTimeManager.swift */,
			);
			path = Model;
			sourceTree = "<group>";
		};
		DFAEFA6E2C1BD7A000913FEC = {
			isa = PBXGroup;
			children = (
				DFAEFA882C1BD7C300913FEC /* .gitignore  */,
				DFAEFA792C1BD7A000913FEC /* capuri-sun */,
				DFF209732C21360A0011B243 /* LiveActivity */,
				DFF2096E2C21360A0011B243 /* Frameworks */,
				DFAEFA782C1BD7A000913FEC /* Products */,
			);
			sourceTree = "<group>";
		};
		DFAEFA782C1BD7A000913FEC /* Products */ = {
			isa = PBXGroup;
			children = (
				DFAEFA772C1BD7A000913FEC /* capuri-sun.app */,
				DFF2096D2C21360A0011B243 /* LiveActivityExtension.appex */,
			);
			name = Products;
			sourceTree = "<group>";
		};
		DFAEFA792C1BD7A000913FEC /* capuri-sun */ = {
			isa = PBXGroup;
			children = (
				DF5893C52C35A5A1003847FD /* App */,
				DFFC797A2C4D0DCE00C03A40 /* Path */,
				DF9E78CF2C1FDD580003A112 /* View */,
				DF9E78E22C1FDDFF0003A112 /* Model */,
				DF5893C72C35A603003847FD /* Manager */,
				DF9E78E02C1FDDEA0003A112 /* Helper */,
				DF5893C62C35A5B7003847FD /* Resource */,
				DFAEFA802C1BD7A100913FEC /* Preview Content */,
			);
			path = "capuri-sun";
			sourceTree = "<group>";
		};
		DFAEFA802C1BD7A100913FEC /* Preview Content */ = {
			isa = PBXGroup;
			children = (
				DFAEFA812C1BD7A100913FEC /* Preview Assets.xcassets */,
			);
			path = "Preview Content";
			sourceTree = "<group>";
		};
		DFF2096E2C21360A0011B243 /* Frameworks */ = {
			isa = PBXGroup;
			children = (
				DFF2096F2C21360A0011B243 /* WidgetKit.framework */,
				DFF209712C21360A0011B243 /* SwiftUI.framework */,
			);
			name = Frameworks;
			sourceTree = "<group>";
		};
		DFF209732C21360A0011B243 /* LiveActivity */ = {
			isa = PBXGroup;
			children = (
				DFF209742C21360A0011B243 /* LiveActivitytBundle.swift */,
				DFF209762C21360A0011B243 /* LiveActivityLiveActivity.swift */,
				DFF209782C21360A0011B243 /* LiveActivity.swift */,
				DFF2097A2C21360A0011B243 /* AppIntent.swift */,
				DFF2097C2C21360B0011B243 /* Assets.xcassets */,
				DFF2097E2C21360B0011B243 /* Info.plist */,
			);
			path = LiveActivity;
			sourceTree = "<group>";
		};
		DFFC797A2C4D0DCE00C03A40 /* Path */ = {
			isa = PBXGroup;
			children = (
				DFFC79782C4D0DC000C03A40 /* Path.swift */,
			);
			path = Path;
			sourceTree = "<group>";
		};
/* End PBXGroup section */

/* Begin PBXNativeTarget section */
		DFAEFA762C1BD7A000913FEC /* capuri-sun */ = {
			isa = PBXNativeTarget;
			buildConfigurationList = DFAEFA852C1BD7A100913FEC /* Build configuration list for PBXNativeTarget "capuri-sun" */;
			buildPhases = (
				DFAEFA732C1BD7A000913FEC /* Sources */,
				DFAEFA742C1BD7A000913FEC /* Frameworks */,
				DFAEFA752C1BD7A000913FEC /* Resources */,
				DFF209852C21360B0011B243 /* Embed Foundation Extensions */,
			);
			buildRules = (
			);
			dependencies = (
				DFF209802C21360B0011B243 /* PBXTargetDependency */,
			);
			name = "capuri-sun";
			productName = "capuri-sun";
			productReference = DFAEFA772C1BD7A000913FEC /* capuri-sun.app */;
			productType = "com.apple.product-type.application";
		};
		DFF2096C2C21360A0011B243 /* LiveActivityExtension */ = {
			isa = PBXNativeTarget;
			buildConfigurationList = DFF209822C21360B0011B243 /* Build configuration list for PBXNativeTarget "LiveActivityExtension" */;
			buildPhases = (
				DFF209692C21360A0011B243 /* Sources */,
				DFF2096A2C21360A0011B243 /* Frameworks */,
				DFF2096B2C21360A0011B243 /* Resources */,
			);
			buildRules = (
			);
			dependencies = (
			);
			name = LiveActivityExtension;
			productName = LiveActivityExtension;
			productReference = DFF2096D2C21360A0011B243 /* LiveActivityExtension.appex */;
			productType = "com.apple.product-type.app-extension";
		};
/* End PBXNativeTarget section */

/* Begin PBXProject section */
		DFAEFA6F2C1BD7A000913FEC /* Project object */ = {
			isa = PBXProject;
			attributes = {
				BuildIndependentTargetsInParallel = 1;
				LastSwiftUpdateCheck = 1530;
				LastUpgradeCheck = 1530;
				TargetAttributes = {
					DFAEFA762C1BD7A000913FEC = {
						CreatedOnToolsVersion = 15.3;
					};
					DFF2096C2C21360A0011B243 = {
						CreatedOnToolsVersion = 15.3;
					};
				};
			};
			buildConfigurationList = DFAEFA722C1BD7A000913FEC /* Build configuration list for PBXProject "capuri-sun" */;
			compatibilityVersion = "Xcode 14.0";
			developmentRegion = en;
			hasScannedForEncodings = 0;
			knownRegions = (
				en,
				Base,
			);
			mainGroup = DFAEFA6E2C1BD7A000913FEC;
			productRefGroup = DFAEFA782C1BD7A000913FEC /* Products */;
			projectDirPath = "";
			projectRoot = "";
			targets = (
				DFAEFA762C1BD7A000913FEC /* capuri-sun */,
				DFF2096C2C21360A0011B243 /* LiveActivityExtension */,
			);
		};
/* End PBXProject section */

/* Begin PBXResourcesBuildPhase section */
		DFAEFA752C1BD7A000913FEC /* Resources */ = {
			isa = PBXResourcesBuildPhase;
			buildActionMask = 2147483647;
			files = (
				DFAEFA822C1BD7A100913FEC /* Preview Assets.xcassets in Resources */,
				DFAEFA892C1BD7C300913FEC /* .gitignore  in Resources */,
				DFAEFA7F2C1BD7A100913FEC /* Assets.xcassets in Resources */,
			);
			runOnlyForDeploymentPostprocessing = 0;
		};
		DFF2096B2C21360A0011B243 /* Resources */ = {
			isa = PBXResourcesBuildPhase;
			buildActionMask = 2147483647;
			files = (
				DFF2097D2C21360B0011B243 /* Assets.xcassets in Resources */,
			);
			runOnlyForDeploymentPostprocessing = 0;
		};
/* End PBXResourcesBuildPhase section */

/* Begin PBXSourcesBuildPhase section */
		DFAEFA732C1BD7A000913FEC /* Sources */ = {
			isa = PBXSourcesBuildPhase;
			buildActionMask = 2147483647;
			files = (
				DF2EEE802C207A9D00415417 /* PukaSunView.swift in Sources */,
				DF9E78DD2C1FDDD50003A112 /* Alarm.swift in Sources */,
				DFFC79792C4D0DC000C03A40 /* Path.swift in Sources */,
				DFC384532C23C81E007248B0 /* AlarmTimeManager.swift in Sources */,
				DF4921F12C7A3FB200C14CF7 /* WeatherModel.swift in Sources */,
				DF2EEE7E2C20663A00415417 /* LocationManager.swift in Sources */,
				DF6245442C390C88006975BF /* NotificationManager.swift in Sources */,
				DF9E78D62C1FDD810003A112 /* MainView.swift in Sources */,
				DF6A44812C21B18F0048EE4F /* CoreMotionManager.swift in Sources */,
				DFFC79772C4B69C200C03A40 /* ContorlView.swift in Sources */,
				DF9E78DF2C1FDDE50003A112 /* ColorExtension.swift in Sources */,
				DF9E78D22C1FDD710003A112 /* OnboardingView.swift in Sources */,
				DFA4681E2C4F4F6F00C64CE8 /* NewView.swift in Sources */,
				DF6A44822C21BF510048EE4F /* LiveActivityLiveActivity.swift in Sources */,
				DF9E78D42C1FDD7A0003A112 /* AlarmView.swift in Sources */,
				DF9E78DA2C1FDD910003A112 /* UVView.swift in Sources */,
				DF9E78D82C1FDD8A0003A112 /* SuncreamView.swift in Sources */,
				DFAEFA7B2C1BD7A000913FEC /* capuri_sunApp.swift in Sources */,
			);
			runOnlyForDeploymentPostprocessing = 0;
		};
		DFF209692C21360A0011B243 /* Sources */ = {
			isa = PBXSourcesBuildPhase;
			buildActionMask = 2147483647;
			files = (
				DFF209752C21360A0011B243 /* LiveActivitytBundle.swift in Sources */,
				DFF2097B2C21360A0011B243 /* AppIntent.swift in Sources */,
				DFF209792C21360A0011B243 /* LiveActivity.swift in Sources */,
				DFF209772C21360A0011B243 /* LiveActivityLiveActivity.swift in Sources */,
			);
			runOnlyForDeploymentPostprocessing = 0;
		};
/* End PBXSourcesBuildPhase section */

/* Begin PBXTargetDependency section */
		DFF209802C21360B0011B243 /* PBXTargetDependency */ = {
			isa = PBXTargetDependency;
			target = DFF2096C2C21360A0011B243 /* LiveActivityExtension */;
			targetProxy = DFF2097F2C21360B0011B243 /* PBXContainerItemProxy */;
		};
/* End PBXTargetDependency section */

/* Begin XCBuildConfiguration section */
		DFAEFA832C1BD7A100913FEC /* Debug */ = {
			isa = XCBuildConfiguration;
			buildSettings = {
				ALWAYS_SEARCH_USER_PATHS = NO;
				ASSETCATALOG_COMPILER_GENERATE_SWIFT_ASSET_SYMBOL_EXTENSIONS = YES;
				CLANG_ANALYZER_NONNULL = YES;
				CLANG_ANALYZER_NUMBER_OBJECT_CONVERSION = YES_AGGRESSIVE;
				CLANG_CXX_LANGUAGE_STANDARD = "gnu++20";
				CLANG_ENABLE_MODULES = YES;
				CLANG_ENABLE_OBJC_ARC = YES;
				CLANG_ENABLE_OBJC_WEAK = YES;
				CLANG_WARN_BLOCK_CAPTURE_AUTORELEASING = YES;
				CLANG_WARN_BOOL_CONVERSION = YES;
				CLANG_WARN_COMMA = YES;
				CLANG_WARN_CONSTANT_CONVERSION = YES;
				CLANG_WARN_DEPRECATED_OBJC_IMPLEMENTATIONS = YES;
				CLANG_WARN_DIRECT_OBJC_ISA_USAGE = YES_ERROR;
				CLANG_WARN_DOCUMENTATION_COMMENTS = YES;
				CLANG_WARN_EMPTY_BODY = YES;
				CLANG_WARN_ENUM_CONVERSION = YES;
				CLANG_WARN_INFINITE_RECURSION = YES;
				CLANG_WARN_INT_CONVERSION = YES;
				CLANG_WARN_NON_LITERAL_NULL_CONVERSION = YES;
				CLANG_WARN_OBJC_IMPLICIT_RETAIN_SELF = YES;
				CLANG_WARN_OBJC_LITERAL_CONVERSION = YES;
				CLANG_WARN_OBJC_ROOT_CLASS = YES_ERROR;
				CLANG_WARN_QUOTED_INCLUDE_IN_FRAMEWORK_HEADER = YES;
				CLANG_WARN_RANGE_LOOP_ANALYSIS = YES;
				CLANG_WARN_STRICT_PROTOTYPES = YES;
				CLANG_WARN_SUSPICIOUS_MOVE = YES;
				CLANG_WARN_UNGUARDED_AVAILABILITY = YES_AGGRESSIVE;
				CLANG_WARN_UNREACHABLE_CODE = YES;
				CLANG_WARN__DUPLICATE_METHOD_MATCH = YES;
				COPY_PHASE_STRIP = NO;
				DEBUG_INFORMATION_FORMAT = dwarf;
				ENABLE_STRICT_OBJC_MSGSEND = YES;
				ENABLE_TESTABILITY = YES;
				ENABLE_USER_SCRIPT_SANDBOXING = YES;
				GCC_C_LANGUAGE_STANDARD = gnu17;
				GCC_DYNAMIC_NO_PIC = NO;
				GCC_NO_COMMON_BLOCKS = YES;
				GCC_OPTIMIZATION_LEVEL = 0;
				GCC_PREPROCESSOR_DEFINITIONS = (
					"DEBUG=1",
					"$(inherited)",
				);
				GCC_WARN_64_TO_32_BIT_CONVERSION = YES;
				GCC_WARN_ABOUT_RETURN_TYPE = YES_ERROR;
				GCC_WARN_UNDECLARED_SELECTOR = YES;
				GCC_WARN_UNINITIALIZED_AUTOS = YES_AGGRESSIVE;
				GCC_WARN_UNUSED_FUNCTION = YES;
				GCC_WARN_UNUSED_VARIABLE = YES;
				IPHONEOS_DEPLOYMENT_TARGET = 17.4;
				LOCALIZATION_PREFERS_STRING_CATALOGS = YES;
				MTL_ENABLE_DEBUG_INFO = INCLUDE_SOURCE;
				MTL_FAST_MATH = YES;
				ONLY_ACTIVE_ARCH = YES;
				SDKROOT = iphoneos;
				SWIFT_ACTIVE_COMPILATION_CONDITIONS = "DEBUG $(inherited)";
				SWIFT_OPTIMIZATION_LEVEL = "-Onone";
			};
			name = Debug;
		};
		DFAEFA842C1BD7A100913FEC /* Release */ = {
			isa = XCBuildConfiguration;
			buildSettings = {
				ALWAYS_SEARCH_USER_PATHS = NO;
				ASSETCATALOG_COMPILER_GENERATE_SWIFT_ASSET_SYMBOL_EXTENSIONS = YES;
				CLANG_ANALYZER_NONNULL = YES;
				CLANG_ANALYZER_NUMBER_OBJECT_CONVERSION = YES_AGGRESSIVE;
				CLANG_CXX_LANGUAGE_STANDARD = "gnu++20";
				CLANG_ENABLE_MODULES = YES;
				CLANG_ENABLE_OBJC_ARC = YES;
				CLANG_ENABLE_OBJC_WEAK = YES;
				CLANG_WARN_BLOCK_CAPTURE_AUTORELEASING = YES;
				CLANG_WARN_BOOL_CONVERSION = YES;
				CLANG_WARN_COMMA = YES;
				CLANG_WARN_CONSTANT_CONVERSION = YES;
				CLANG_WARN_DEPRECATED_OBJC_IMPLEMENTATIONS = YES;
				CLANG_WARN_DIRECT_OBJC_ISA_USAGE = YES_ERROR;
				CLANG_WARN_DOCUMENTATION_COMMENTS = YES;
				CLANG_WARN_EMPTY_BODY = YES;
				CLANG_WARN_ENUM_CONVERSION = YES;
				CLANG_WARN_INFINITE_RECURSION = YES;
				CLANG_WARN_INT_CONVERSION = YES;
				CLANG_WARN_NON_LITERAL_NULL_CONVERSION = YES;
				CLANG_WARN_OBJC_IMPLICIT_RETAIN_SELF = YES;
				CLANG_WARN_OBJC_LITERAL_CONVERSION = YES;
				CLANG_WARN_OBJC_ROOT_CLASS = YES_ERROR;
				CLANG_WARN_QUOTED_INCLUDE_IN_FRAMEWORK_HEADER = YES;
				CLANG_WARN_RANGE_LOOP_ANALYSIS = YES;
				CLANG_WARN_STRICT_PROTOTYPES = YES;
				CLANG_WARN_SUSPICIOUS_MOVE = YES;
				CLANG_WARN_UNGUARDED_AVAILABILITY = YES_AGGRESSIVE;
				CLANG_WARN_UNREACHABLE_CODE = YES;
				CLANG_WARN__DUPLICATE_METHOD_MATCH = YES;
				COPY_PHASE_STRIP = NO;
				DEBUG_INFORMATION_FORMAT = "dwarf-with-dsym";
				ENABLE_NS_ASSERTIONS = NO;
				ENABLE_STRICT_OBJC_MSGSEND = YES;
				ENABLE_USER_SCRIPT_SANDBOXING = YES;
				GCC_C_LANGUAGE_STANDARD = gnu17;
				GCC_NO_COMMON_BLOCKS = YES;
				GCC_WARN_64_TO_32_BIT_CONVERSION = YES;
				GCC_WARN_ABOUT_RETURN_TYPE = YES_ERROR;
				GCC_WARN_UNDECLARED_SELECTOR = YES;
				GCC_WARN_UNINITIALIZED_AUTOS = YES_AGGRESSIVE;
				GCC_WARN_UNUSED_FUNCTION = YES;
				GCC_WARN_UNUSED_VARIABLE = YES;
				IPHONEOS_DEPLOYMENT_TARGET = 17.4;
				LOCALIZATION_PREFERS_STRING_CATALOGS = YES;
				MTL_ENABLE_DEBUG_INFO = NO;
				MTL_FAST_MATH = YES;
				SDKROOT = iphoneos;
				SWIFT_COMPILATION_MODE = wholemodule;
				VALIDATE_PRODUCT = YES;
			};
			name = Release;
		};
		DFAEFA862C1BD7A100913FEC /* Debug */ = {
			isa = XCBuildConfiguration;
			buildSettings = {
				ALWAYS_EMBED_SWIFT_STANDARD_LIBRARIES = YES;
				ASSETCATALOG_COMPILER_APPICON_NAME = AppIcon;
				ASSETCATALOG_COMPILER_GLOBAL_ACCENT_COLOR_NAME = AccentColor;
				CODE_SIGN_ENTITLEMENTS = "capuri-sun/app/capuri-sun.entitlements";
				CODE_SIGN_STYLE = Automatic;
				CURRENT_PROJECT_VERSION = 1;
				DEVELOPMENT_ASSET_PATHS = "\"capuri-sun/Preview Content\"";
				DEVELOPMENT_TEAM = 4QMNM64P9Z;
				ENABLE_PREVIEWS = YES;
				GENERATE_INFOPLIST_FILE = YES;
				INFOPLIST_FILE = "capuri-sun/app/Info.plist";
				INFOPLIST_KEY_CFBundleDisplayName = PuKaSun;
				INFOPLIST_KEY_NSLocationAlwaysUsageDescription = "위치 권한 요청";
				INFOPLIST_KEY_NSLocationWhenInUseUsageDescription = "위치 권한 요청";
				INFOPLIST_KEY_NSMotionUsageDescription = "걸음수 데이터 측정을 위해 데이터 접근 권한이 필요합니다.";
				INFOPLIST_KEY_NSSupportsLiveActivities = YES;
				INFOPLIST_KEY_UIApplicationSceneManifest_Generation = YES;
				INFOPLIST_KEY_UIApplicationSupportsIndirectInputEvents = YES;
				INFOPLIST_KEY_UILaunchScreen_Generation = YES;
				INFOPLIST_KEY_UISupportedInterfaceOrientations_iPad = "UIInterfaceOrientationPortrait UIInterfaceOrientationPortraitUpsideDown UIInterfaceOrientationLandscapeLeft UIInterfaceOrientationLandscapeRight";
				INFOPLIST_KEY_UISupportedInterfaceOrientations_iPhone = "UIInterfaceOrientationPortrait UIInterfaceOrientationLandscapeLeft UIInterfaceOrientationLandscapeRight";
				IPHONEOS_DEPLOYMENT_TARGET = 17.0;
				LD_RUNPATH_SEARCH_PATHS = (
					"$(inherited)",
					"@executable_path/Frameworks",
				);
				MARKETING_VERSION = 1.0;
				PRODUCT_BUNDLE_IDENTIFIER = com.carpurisun.weatherkit;
				PRODUCT_NAME = "$(TARGET_NAME)";
				SWIFT_EMIT_LOC_STRINGS = YES;
				SWIFT_VERSION = 5.0;
				TARGETED_DEVICE_FAMILY = "1,2";
			};
			name = Debug;
		};
		DFAEFA872C1BD7A100913FEC /* Release */ = {
			isa = XCBuildConfiguration;
			buildSettings = {
				ALWAYS_EMBED_SWIFT_STANDARD_LIBRARIES = YES;
				ASSETCATALOG_COMPILER_APPICON_NAME = AppIcon;
				ASSETCATALOG_COMPILER_GLOBAL_ACCENT_COLOR_NAME = AccentColor;
				CODE_SIGN_ENTITLEMENTS = "capuri-sun/app/capuri-sun.entitlements";
				CODE_SIGN_STYLE = Automatic;
				CURRENT_PROJECT_VERSION = 1;
				DEVELOPMENT_ASSET_PATHS = "\"capuri-sun/Preview Content\"";
				DEVELOPMENT_TEAM = 4QMNM64P9Z;
				ENABLE_PREVIEWS = YES;
				GENERATE_INFOPLIST_FILE = YES;
				INFOPLIST_FILE = "capuri-sun/app/Info.plist";
				INFOPLIST_KEY_CFBundleDisplayName = PuKaSun;
				INFOPLIST_KEY_NSLocationAlwaysUsageDescription = "위치 권한 요청";
				INFOPLIST_KEY_NSLocationWhenInUseUsageDescription = "위치 권한 요청";
				INFOPLIST_KEY_NSMotionUsageDescription = "걸음수 데이터 측정을 위해 데이터 접근 권한이 필요합니다.";
				INFOPLIST_KEY_NSSupportsLiveActivities = YES;
				INFOPLIST_KEY_UIApplicationSceneManifest_Generation = YES;
				INFOPLIST_KEY_UIApplicationSupportsIndirectInputEvents = YES;
				INFOPLIST_KEY_UILaunchScreen_Generation = YES;
				INFOPLIST_KEY_UISupportedInterfaceOrientations_iPad = "UIInterfaceOrientationPortrait UIInterfaceOrientationPortraitUpsideDown UIInterfaceOrientationLandscapeLeft UIInterfaceOrientationLandscapeRight";
				INFOPLIST_KEY_UISupportedInterfaceOrientations_iPhone = "UIInterfaceOrientationPortrait UIInterfaceOrientationLandscapeLeft UIInterfaceOrientationLandscapeRight";
				IPHONEOS_DEPLOYMENT_TARGET = 17.0;
				LD_RUNPATH_SEARCH_PATHS = (
					"$(inherited)",
					"@executable_path/Frameworks",
				);
				MARKETING_VERSION = 1.0;
				PRODUCT_BUNDLE_IDENTIFIER = com.carpurisun.weatherkit;
				PRODUCT_NAME = "$(TARGET_NAME)";
				SWIFT_EMIT_LOC_STRINGS = YES;
				SWIFT_VERSION = 5.0;
				TARGETED_DEVICE_FAMILY = "1,2";
			};
			name = Release;
		};
		DFF209832C21360B0011B243 /* Debug */ = {
			isa = XCBuildConfiguration;
			buildSettings = {
				ASSETCATALOG_COMPILER_GLOBAL_ACCENT_COLOR_NAME = AccentColor;
				ASSETCATALOG_COMPILER_WIDGET_BACKGROUND_COLOR_NAME = WidgetBackground;
				CODE_SIGN_STYLE = Automatic;
				CURRENT_PROJECT_VERSION = 1;
				DEVELOPMENT_TEAM = 4QMNM64P9Z;
				GENERATE_INFOPLIST_FILE = YES;
				INFOPLIST_FILE = LiveActivity/Info.plist;
				INFOPLIST_KEY_CFBundleDisplayName = LiveActivity;
				INFOPLIST_KEY_NSHumanReadableCopyright = "";
				IPHONEOS_DEPLOYMENT_TARGET = 17.4;
				LD_RUNPATH_SEARCH_PATHS = (
					"$(inherited)",
					"@executable_path/Frameworks",
					"@executable_path/../../Frameworks",
				);
				MARKETING_VERSION = 1.0;
				PRODUCT_BUNDLE_IDENTIFIER = com.carpurisun.weatherkit.LiveActivity;
				PRODUCT_NAME = "$(TARGET_NAME)";
				SKIP_INSTALL = YES;
				SWIFT_EMIT_LOC_STRINGS = YES;
				SWIFT_VERSION = 5.0;
				TARGETED_DEVICE_FAMILY = "1,2";
			};
			name = Debug;
		};
		DFF209842C21360B0011B243 /* Release */ = {
			isa = XCBuildConfiguration;
			buildSettings = {
				ASSETCATALOG_COMPILER_GLOBAL_ACCENT_COLOR_NAME = AccentColor;
				ASSETCATALOG_COMPILER_WIDGET_BACKGROUND_COLOR_NAME = WidgetBackground;
				CODE_SIGN_STYLE = Automatic;
				CURRENT_PROJECT_VERSION = 1;
				DEVELOPMENT_TEAM = 4QMNM64P9Z;
				GENERATE_INFOPLIST_FILE = YES;
				INFOPLIST_FILE = LiveActivity/Info.plist;
				INFOPLIST_KEY_CFBundleDisplayName = LiveActivity;
				INFOPLIST_KEY_NSHumanReadableCopyright = "";
				IPHONEOS_DEPLOYMENT_TARGET = 17.4;
				LD_RUNPATH_SEARCH_PATHS = (
					"$(inherited)",
					"@executable_path/Frameworks",
					"@executable_path/../../Frameworks",
				);
				MARKETING_VERSION = 1.0;
				PRODUCT_BUNDLE_IDENTIFIER = com.carpurisun.weatherkit.LiveActivity;
				PRODUCT_NAME = "$(TARGET_NAME)";
				SKIP_INSTALL = YES;
				SWIFT_EMIT_LOC_STRINGS = YES;
				SWIFT_VERSION = 5.0;
				TARGETED_DEVICE_FAMILY = "1,2";
			};
			name = Release;
		};
/* End XCBuildConfiguration section */

/* Begin XCConfigurationList section */
		DFAEFA722C1BD7A000913FEC /* Build configuration list for PBXProject "capuri-sun" */ = {
			isa = XCConfigurationList;
			buildConfigurations = (
				DFAEFA832C1BD7A100913FEC /* Debug */,
				DFAEFA842C1BD7A100913FEC /* Release */,
			);
			defaultConfigurationIsVisible = 0;
			defaultConfigurationName = Release;
		};
		DFAEFA852C1BD7A100913FEC /* Build configuration list for PBXNativeTarget "capuri-sun" */ = {
			isa = XCConfigurationList;
			buildConfigurations = (
				DFAEFA862C1BD7A100913FEC /* Debug */,
				DFAEFA872C1BD7A100913FEC /* Release */,
			);
			defaultConfigurationIsVisible = 0;
			defaultConfigurationName = Release;
		};
		DFF209822C21360B0011B243 /* Build configuration list for PBXNativeTarget "LiveActivityExtension" */ = {
			isa = XCConfigurationList;
			buildConfigurations = (
				DFF209832C21360B0011B243 /* Debug */,
				DFF209842C21360B0011B243 /* Release */,
			);
			defaultConfigurationIsVisible = 0;
			defaultConfigurationName = Release;
		};
/* End XCConfigurationList section */
	};
	rootObject = DFAEFA6F2C1BD7A000913FEC /* Project object */;
}
